PODS:
  - Alamofire (4.9.1)
  - IQKeyboardManagerSwift (6.5.5)
  - LSRootNavigationController (1.1.2)
  - LSRouter_Swift (1.0.4)
  - MBProgressHUD (1.2.0)
  - MJExtension (3.2.1)
  - MJRefresh (3.4.1)
  - SDWebImage (5.7.3):
    - SDWebImage/Core (= 5.7.3)
  - SDWebImage/Core (5.7.3)
  - SnapKit (4.2.0)
  - SwiftyJSON (5.0.0)

DEPENDENCIES:
  - Alamofire
  - IQKeyboardManagerSwift
  - LSRootNavigationController
  - LSRouter_Swift
  - MBProgressHUD
  - MJExtension
  - MJRefresh
  - SDWebImage
  - SnapKit
  - SwiftyJSON

SPEC REPOS:
  https://github.com/CocoaPods/Specs.git:
    - Alamofire
    - IQKeyboardManagerSwift
    - LSRootNavigationController
    - LSRouter_Swift
    - MBProgressHUD
    - MJExtension
    - MJRefresh
    - SDWebImage
    - SnapKit
    - SwiftyJSON

SPEC CHECKSUMS:
  Alamofire: 85e8a02c69d6020a0d734f6054870d7ecb75cf18
  IQKeyboardManagerSwift: 0fb93310284665245591f50f7a5e38de615960b7
  LSRootNavigationController: 2eb7f0cd6666b14c32a6e4f5fd2259786e38bdc0
  LSRouter_Swift: d4ffe0b85c086962ee8a4fa37fd0daf265073582
  MBProgressHUD: 3ee5efcc380f6a79a7cc9b363dd669c5e1ae7406
  MJExtension: 635f2c663dcb1bf76fa4b715b2570a5710aec545
  MJRefresh: 3153c59a363159092c08b2177ec3a7d09f90bfaf
  SDWebImage: 97351f6582ceca541ea294ba66a1fcb342a331c2
  SnapKit: fe8a619752f3f27075cc9a90244d75c6c3f27e2a
  SwiftyJSON: 36413e04c44ee145039d332b4f4e2d3e8d6c4db7

PODFILE CHECKSUM: 592c064ca6a37750ff519cdeaf26720e3780177b

COCOAPODS: 1.9.1
