// !$*UTF8*$!
{
	archiveVersion = 1;
	classes = {
	};
	objectVersion = 48;
	objects = {

/* Begin PBXBuildFile section */
		068AEFE22021695C00033CAB /* AppDelegate.swift in Sources */ = {isa = PBXBuildFile; fileRef = 068AEFE12021695C00033CAB /* AppDelegate.swift */; };
		068AEFE72021695C00033CAB /* Main.storyboard in Resources */ = {isa = PBXBuildFile; fileRef = 068AEFE52021695C00033CAB /* Main.storyboard */; };
		068AEFE92021695C00033CAB /* Assets.xcassets in Resources */ = {isa = PBXBuildFile; fileRef = 068AEFE82021695C00033CAB /* Assets.xcassets */; };
		068AEFEC2021695C00033CAB /* LaunchScreen.storyboard in Resources */ = {isa = PBXBuildFile; fileRef = 068AEFEA2021695C00033CAB /* LaunchScreen.storyboard */; };
		4B28F020246BA6EB00F33C0A /* Consts.swift in Sources */ = {isa = PBXBuildFile; fileRef = 4B28F01D246BA6EB00F33C0A /* Consts.swift */; };
		4B28F021246BA6EB00F33C0A /* LSAppDelegate.swift in Sources */ = {isa = PBXBuildFile; fileRef = 4B28F01E246BA6EB00F33C0A /* LSAppDelegate.swift */; };
		4B28F022246BA6EB00F33C0A /* Configs.swift in Sources */ = {isa = PBXBuildFile; fileRef = 4B28F01F246BA6EB00F33C0A /* Configs.swift */; };
		4B28F024246BBDD800F33C0A /* Network.swift in Sources */ = {isa = PBXBuildFile; fileRef = 4B28F023246BBDD800F33C0A /* Network.swift */; };
		4B28F029246BBE4B00F33C0A /* HUDProgressKit.swift in Sources */ = {isa = PBXBuildFile; fileRef = 4B28F026246BBE4A00F33C0A /* HUDProgressKit.swift */; };
		4B28F02A246BBE4B00F33C0A /* Operations.swift in Sources */ = {isa = PBXBuildFile; fileRef = 4B28F027246BBE4A00F33C0A /* Operations.swift */; };
		4B28F02B246BBE4B00F33C0A /* TimeCategory.swift in Sources */ = {isa = PBXBuildFile; fileRef = 4B28F028246BBE4B00F33C0A /* TimeCategory.swift */; };
		4B28F032246BC63900F33C0A /* String+Extension.swift in Sources */ = {isa = PBXBuildFile; fileRef = 4B28F02D246BC63800F33C0A /* String+Extension.swift */; };
		4B28F033246BC63900F33C0A /* UIView+Extension.swift in Sources */ = {isa = PBXBuildFile; fileRef = 4B28F02F246BC63800F33C0A /* UIView+Extension.swift */; };
		4B28F034246BC63900F33C0A /* UIImage+Extension.m in Sources */ = {isa = PBXBuildFile; fileRef = 4B28F030246BC63800F33C0A /* UIImage+Extension.m */; };
		4B28F035246BC63900F33C0A /* UIViewController+Extension.swift in Sources */ = {isa = PBXBuildFile; fileRef = 4B28F031246BC63800F33C0A /* UIViewController+Extension.swift */; };
		4B28F31F246BC6CB00F33C0A /* LS_BaseListVC.swift in Sources */ = {isa = PBXBuildFile; fileRef = 4B28F31E246BC6CB00F33C0A /* LS_BaseListVC.swift */; };
		4B28F322246BC73800F33C0A /* HXImagePickerController.bundle in Resources */ = {isa = PBXBuildFile; fileRef = 4B28F321246BC73800F33C0A /* HXImagePickerController.bundle */; };
		4B28F327246BC74700F33C0A /* HXPhotoImageManager.swift in Sources */ = {isa = PBXBuildFile; fileRef = 4B28F324246BC74700F33C0A /* HXPhotoImageManager.swift */; };
		4B28F328246BC74700F33C0A /* HXImagePickerConfig.swift in Sources */ = {isa = PBXBuildFile; fileRef = 4B28F325246BC74700F33C0A /* HXImagePickerConfig.swift */; };
		4B28F329246BC74700F33C0A /* HXReuseable.swift in Sources */ = {isa = PBXBuildFile; fileRef = 4B28F326246BC74700F33C0A /* HXReuseable.swift */; };
		4B28F334246BC75B00F33C0A /* HXPreviewThumbCell.swift in Sources */ = {isa = PBXBuildFile; fileRef = 4B28F32B246BC75B00F33C0A /* HXPreviewThumbCell.swift */; };
		4B28F335246BC75B00F33C0A /* HXPreviewCell.swift in Sources */ = {isa = PBXBuildFile; fileRef = 4B28F32C246BC75B00F33C0A /* HXPreviewCell.swift */; };
		4B28F336246BC75B00F33C0A /* HXImageCell.swift in Sources */ = {isa = PBXBuildFile; fileRef = 4B28F32D246BC75B00F33C0A /* HXImageCell.swift */; };
		4B28F337246BC75B00F33C0A /* HXSelectButton.swift in Sources */ = {isa = PBXBuildFile; fileRef = 4B28F32E246BC75B00F33C0A /* HXSelectButton.swift */; };
		4B28F338246BC75B00F33C0A /* HXImageClipResizeView.swift in Sources */ = {isa = PBXBuildFile; fileRef = 4B28F32F246BC75B00F33C0A /* HXImageClipResizeView.swift */; };
		4B28F339246BC75B00F33C0A /* HXImageToolView.swift in Sources */ = {isa = PBXBuildFile; fileRef = 4B28F330246BC75B00F33C0A /* HXImageToolView.swift */; };
		4B28F33A246BC75B00F33C0A /* HXImageClipScrollView.swift in Sources */ = {isa = PBXBuildFile; fileRef = 4B28F331246BC75B00F33C0A /* HXImageClipScrollView.swift */; };
		4B28F33B246BC75B00F33C0A /* HXAlbumCell.swift in Sources */ = {isa = PBXBuildFile; fileRef = 4B28F332246BC75B00F33C0A /* HXAlbumCell.swift */; };
		4B28F33C246BC75B00F33C0A /* HXImageNavigationView.swift in Sources */ = {isa = PBXBuildFile; fileRef = 4B28F333246BC75B00F33C0A /* HXImageNavigationView.swift */; };
		4B28F343246BC76E00F33C0A /* HXImageClipViewController.swift in Sources */ = {isa = PBXBuildFile; fileRef = 4B28F33E246BC76D00F33C0A /* HXImageClipViewController.swift */; };
		4B28F344246BC76E00F33C0A /* HXImageListViewController.swift in Sources */ = {isa = PBXBuildFile; fileRef = 4B28F33F246BC76E00F33C0A /* HXImageListViewController.swift */; };
		4B28F345246BC76E00F33C0A /* HXAlbumListViewController.swift in Sources */ = {isa = PBXBuildFile; fileRef = 4B28F340246BC76E00F33C0A /* HXAlbumListViewController.swift */; };
		4B28F346246BC76E00F33C0A /* HXImagePickerController.swift in Sources */ = {isa = PBXBuildFile; fileRef = 4B28F341246BC76E00F33C0A /* HXImagePickerController.swift */; };
		4B28F347246BC76E00F33C0A /* HXImagePreviewViewController.swift in Sources */ = {isa = PBXBuildFile; fileRef = 4B28F342246BC76E00F33C0A /* HXImagePreviewViewController.swift */; };
		4B28F34B246BC77E00F33C0A /* HXAlbumModel.swift in Sources */ = {isa = PBXBuildFile; fileRef = 4B28F349246BC77D00F33C0A /* HXAlbumModel.swift */; };
		4B28F34C246BC77E00F33C0A /* HXImageModel.swift in Sources */ = {isa = PBXBuildFile; fileRef = 4B28F34A246BC77E00F33C0A /* HXImageModel.swift */; };
		4B28F34E246BC78700F33C0A /* LS_WebViewVC.swift in Sources */ = {isa = PBXBuildFile; fileRef = 4B28F34D246BC78700F33C0A /* LS_WebViewVC.swift */; };
		4B28F352246BC7DA00F33C0A /* LocalGuideView.m in Sources */ = {isa = PBXBuildFile; fileRef = 4B28F351246BC7DA00F33C0A /* LocalGuideView.m */; };
		4B28F354246BC7FD00F33C0A /* Network_Common.swift in Sources */ = {isa = PBXBuildFile; fileRef = 4B28F353246BC7FC00F33C0A /* Network_Common.swift */; };
		EA5CA2B28959775A3402E15F /* Pods_BaseProject_Swift.framework in Frameworks */ = {isa = PBXBuildFile; fileRef = C0AEBFDB68BC5B7C4C698145 /* Pods_BaseProject_Swift.framework */; };
/* End PBXBuildFile section */

/* Begin PBXFileReference section */
		04A8335B8C65727BD9A994A7 /* Pods-BaseProject_Swift.debug.xcconfig */ = {isa = PBXFileReference; includeInIndex = 1; lastKnownFileType = text.xcconfig; name = "Pods-BaseProject_Swift.debug.xcconfig"; path = "Pods/Target Support Files/Pods-BaseProject_Swift/Pods-BaseProject_Swift.debug.xcconfig"; sourceTree = "<group>"; };
		06835EC6207B7B9F00E2AB8C /* BridgingHeader.h */ = {isa = PBXFileReference; fileEncoding = 4; lastKnownFileType = sourcecode.c.h; path = BridgingHeader.h; sourceTree = "<group>"; };
		068AEFDE2021695C00033CAB /* BaseProject_Swift.app */ = {isa = PBXFileReference; explicitFileType = wrapper.application; includeInIndex = 0; path = BaseProject_Swift.app; sourceTree = BUILT_PRODUCTS_DIR; };
		068AEFE12021695C00033CAB /* AppDelegate.swift */ = {isa = PBXFileReference; lastKnownFileType = sourcecode.swift; path = AppDelegate.swift; sourceTree = "<group>"; };
		068AEFE62021695C00033CAB /* Base */ = {isa = PBXFileReference; lastKnownFileType = file.storyboard; name = Base; path = Base.lproj/Main.storyboard; sourceTree = "<group>"; };
		068AEFE82021695C00033CAB /* Assets.xcassets */ = {isa = PBXFileReference; lastKnownFileType = folder.assetcatalog; path = Assets.xcassets; sourceTree = "<group>"; };
		068AEFEB2021695C00033CAB /* Base */ = {isa = PBXFileReference; lastKnownFileType = file.storyboard; name = Base; path = Base.lproj/LaunchScreen.storyboard; sourceTree = "<group>"; };
		068AEFED2021695C00033CAB /* Info.plist */ = {isa = PBXFileReference; lastKnownFileType = text.plist.xml; path = Info.plist; sourceTree = "<group>"; };
		4B28F01D246BA6EB00F33C0A /* Consts.swift */ = {isa = PBXFileReference; fileEncoding = 4; lastKnownFileType = sourcecode.swift; path = Consts.swift; sourceTree = "<group>"; };
		4B28F01E246BA6EB00F33C0A /* LSAppDelegate.swift */ = {isa = PBXFileReference; fileEncoding = 4; lastKnownFileType = sourcecode.swift; path = LSAppDelegate.swift; sourceTree = "<group>"; };
		4B28F01F246BA6EB00F33C0A /* Configs.swift */ = {isa = PBXFileReference; fileEncoding = 4; lastKnownFileType = sourcecode.swift; path = Configs.swift; sourceTree = "<group>"; };
		4B28F023246BBDD800F33C0A /* Network.swift */ = {isa = PBXFileReference; fileEncoding = 4; lastKnownFileType = sourcecode.swift; path = Network.swift; sourceTree = "<group>"; };
		4B28F026246BBE4A00F33C0A /* HUDProgressKit.swift */ = {isa = PBXFileReference; fileEncoding = 4; lastKnownFileType = sourcecode.swift; path = HUDProgressKit.swift; sourceTree = "<group>"; };
		4B28F027246BBE4A00F33C0A /* Operations.swift */ = {isa = PBXFileReference; fileEncoding = 4; lastKnownFileType = sourcecode.swift; path = Operations.swift; sourceTree = "<group>"; };
		4B28F028246BBE4B00F33C0A /* TimeCategory.swift */ = {isa = PBXFileReference; fileEncoding = 4; lastKnownFileType = sourcecode.swift; path = TimeCategory.swift; sourceTree = "<group>"; };
		4B28F02D246BC63800F33C0A /* String+Extension.swift */ = {isa = PBXFileReference; fileEncoding = 4; lastKnownFileType = sourcecode.swift; path = "String+Extension.swift"; sourceTree = "<group>"; };
		4B28F02E246BC63800F33C0A /* UIImage+Extension.h */ = {isa = PBXFileReference; fileEncoding = 4; lastKnownFileType = sourcecode.c.h; path = "UIImage+Extension.h"; sourceTree = "<group>"; };
		4B28F02F246BC63800F33C0A /* UIView+Extension.swift */ = {isa = PBXFileReference; fileEncoding = 4; lastKnownFileType = sourcecode.swift; path = "UIView+Extension.swift"; sourceTree = "<group>"; };
		4B28F030246BC63800F33C0A /* UIImage+Extension.m */ = {isa = PBXFileReference; fileEncoding = 4; lastKnownFileType = sourcecode.c.objc; path = "UIImage+Extension.m"; sourceTree = "<group>"; };
		4B28F031246BC63800F33C0A /* UIViewController+Extension.swift */ = {isa = PBXFileReference; fileEncoding = 4; lastKnownFileType = sourcecode.swift; path = "UIViewController+Extension.swift"; sourceTree = "<group>"; };
		4B28F31E246BC6CB00F33C0A /* LS_BaseListVC.swift */ = {isa = PBXFileReference; fileEncoding = 4; lastKnownFileType = sourcecode.swift; path = LS_BaseListVC.swift; sourceTree = "<group>"; };
		4B28F321246BC73800F33C0A /* HXImagePickerController.bundle */ = {isa = PBXFileReference; lastKnownFileType = "wrapper.plug-in"; path = HXImagePickerController.bundle; sourceTree = "<group>"; };
		4B28F324246BC74700F33C0A /* HXPhotoImageManager.swift */ = {isa = PBXFileReference; fileEncoding = 4; lastKnownFileType = sourcecode.swift; path = HXPhotoImageManager.swift; sourceTree = "<group>"; };
		4B28F325246BC74700F33C0A /* HXImagePickerConfig.swift */ = {isa = PBXFileReference; fileEncoding = 4; lastKnownFileType = sourcecode.swift; path = HXImagePickerConfig.swift; sourceTree = "<group>"; };
		4B28F326246BC74700F33C0A /* HXReuseable.swift */ = {isa = PBXFileReference; fileEncoding = 4; lastKnownFileType = sourcecode.swift; path = HXReuseable.swift; sourceTree = "<group>"; };
		4B28F32B246BC75B00F33C0A /* HXPreviewThumbCell.swift */ = {isa = PBXFileReference; fileEncoding = 4; lastKnownFileType = sourcecode.swift; path = HXPreviewThumbCell.swift; sourceTree = "<group>"; };
		4B28F32C246BC75B00F33C0A /* HXPreviewCell.swift */ = {isa = PBXFileReference; fileEncoding = 4; lastKnownFileType = sourcecode.swift; path = HXPreviewCell.swift; sourceTree = "<group>"; };
		4B28F32D246BC75B00F33C0A /* HXImageCell.swift */ = {isa = PBXFileReference; fileEncoding = 4; lastKnownFileType = sourcecode.swift; path = HXImageCell.swift; sourceTree = "<group>"; };
		4B28F32E246BC75B00F33C0A /* HXSelectButton.swift */ = {isa = PBXFileReference; fileEncoding = 4; lastKnownFileType = sourcecode.swift; path = HXSelectButton.swift; sourceTree = "<group>"; };
		4B28F32F246BC75B00F33C0A /* HXImageClipResizeView.swift */ = {isa = PBXFileReference; fileEncoding = 4; lastKnownFileType = sourcecode.swift; path = HXImageClipResizeView.swift; sourceTree = "<group>"; };
		4B28F330246BC75B00F33C0A /* HXImageToolView.swift */ = {isa = PBXFileReference; fileEncoding = 4; lastKnownFileType = sourcecode.swift; path = HXImageToolView.swift; sourceTree = "<group>"; };
		4B28F331246BC75B00F33C0A /* HXImageClipScrollView.swift */ = {isa = PBXFileReference; fileEncoding = 4; lastKnownFileType = sourcecode.swift; path = HXImageClipScrollView.swift; sourceTree = "<group>"; };
		4B28F332246BC75B00F33C0A /* HXAlbumCell.swift */ = {isa = PBXFileReference; fileEncoding = 4; lastKnownFileType = sourcecode.swift; path = HXAlbumCell.swift; sourceTree = "<group>"; };
		4B28F333246BC75B00F33C0A /* HXImageNavigationView.swift */ = {isa = PBXFileReference; fileEncoding = 4; lastKnownFileType = sourcecode.swift; path = HXImageNavigationView.swift; sourceTree = "<group>"; };
		4B28F33E246BC76D00F33C0A /* HXImageClipViewController.swift */ = {isa = PBXFileReference; fileEncoding = 4; lastKnownFileType = sourcecode.swift; path = HXImageClipViewController.swift; sourceTree = "<group>"; };
		4B28F33F246BC76E00F33C0A /* HXImageListViewController.swift */ = {isa = PBXFileReference; fileEncoding = 4; lastKnownFileType = sourcecode.swift; path = HXImageListViewController.swift; sourceTree = "<group>"; };
		4B28F340246BC76E00F33C0A /* HXAlbumListViewController.swift */ = {isa = PBXFileReference; fileEncoding = 4; lastKnownFileType = sourcecode.swift; path = HXAlbumListViewController.swift; sourceTree = "<group>"; };
		4B28F341246BC76E00F33C0A /* HXImagePickerController.swift */ = {isa = PBXFileReference; fileEncoding = 4; lastKnownFileType = sourcecode.swift; path = HXImagePickerController.swift; sourceTree = "<group>"; };
		4B28F342246BC76E00F33C0A /* HXImagePreviewViewController.swift */ = {isa = PBXFileReference; fileEncoding = 4; lastKnownFileType = sourcecode.swift; path = HXImagePreviewViewController.swift; sourceTree = "<group>"; };
		4B28F349246BC77D00F33C0A /* HXAlbumModel.swift */ = {isa = PBXFileReference; fileEncoding = 4; lastKnownFileType = sourcecode.swift; path = HXAlbumModel.swift; sourceTree = "<group>"; };
		4B28F34A246BC77E00F33C0A /* HXImageModel.swift */ = {isa = PBXFileReference; fileEncoding = 4; lastKnownFileType = sourcecode.swift; path = HXImageModel.swift; sourceTree = "<group>"; };
		4B28F34D246BC78700F33C0A /* LS_WebViewVC.swift */ = {isa = PBXFileReference; fileEncoding = 4; lastKnownFileType = sourcecode.swift; path = LS_WebViewVC.swift; sourceTree = "<group>"; };
		4B28F350246BC7DA00F33C0A /* LocalGuideView.h */ = {isa = PBXFileReference; fileEncoding = 4; lastKnownFileType = sourcecode.c.h; path = LocalGuideView.h; sourceTree = "<group>"; };
		4B28F351246BC7DA00F33C0A /* LocalGuideView.m */ = {isa = PBXFileReference; fileEncoding = 4; lastKnownFileType = sourcecode.c.objc; path = LocalGuideView.m; sourceTree = "<group>"; };
		4B28F353246BC7FC00F33C0A /* Network_Common.swift */ = {isa = PBXFileReference; fileEncoding = 4; lastKnownFileType = sourcecode.swift; path = Network_Common.swift; sourceTree = "<group>"; };
		C0AEBFDB68BC5B7C4C698145 /* Pods_BaseProject_Swift.framework */ = {isa = PBXFileReference; explicitFileType = wrapper.framework; includeInIndex = 0; path = Pods_BaseProject_Swift.framework; sourceTree = BUILT_PRODUCTS_DIR; };
		C5F6E1D5803536806FCC0705 /* Pods-BaseProject_Swift.release.xcconfig */ = {isa = PBXFileReference; includeInIndex = 1; lastKnownFileType = text.xcconfig; name = "Pods-BaseProject_Swift.release.xcconfig"; path = "Pods/Target Support Files/Pods-BaseProject_Swift/Pods-BaseProject_Swift.release.xcconfig"; sourceTree = "<group>"; };
/* End PBXFileReference section */

/* Begin PBXFrameworksBuildPhase section */
		068AEFDB2021695C00033CAB /* Frameworks */ = {
			isa = PBXFrameworksBuildPhase;
			buildActionMask = 2147483647;
			files = (
				EA5CA2B28959775A3402E15F /* Pods_BaseProject_Swift.framework in Frameworks */,
			);
			runOnlyForDeploymentPostprocessing = 0;
		};
/* End PBXFrameworksBuildPhase section */

/* Begin PBXGroup section */
		0613075D2043CC5500628467 /* Modules */ = {
			isa = PBXGroup;
			children = (
				4B28F025246BBE3B00F33C0A /* 公共 */,
			);
			name = Modules;
			sourceTree = "<group>";
		};
		06835EB6207B712D00E2AB8C /* Module_Initialization */ = {
			isa = PBXGroup;
			children = (
				06835EC0207B721D00E2AB8C /* Initialization_System */,
				06835EBF207B721500E2AB8C /* Initialization_Network */,
			);
			name = Module_Initialization;
			sourceTree = "<group>";
		};
		06835EB7207B714100E2AB8C /* Project_Configuration */ = {
			isa = PBXGroup;
			children = (
				06835EBE207B71E700E2AB8C /* Project_Launch */,
				06835EBB207B71B900E2AB8C /* Project_Images */,
			);
			name = Project_Configuration;
			sourceTree = "<group>";
		};
		06835EBB207B71B900E2AB8C /* Project_Images */ = {
			isa = PBXGroup;
			children = (
				068AEFE82021695C00033CAB /* Assets.xcassets */,
				06835EBD207B71CC00E2AB8C /* Images */,
			);
			name = Project_Images;
			sourceTree = "<group>";
		};
		06835EBD207B71CC00E2AB8C /* Images */ = {
			isa = PBXGroup;
			children = (
			);
			name = Images;
			sourceTree = "<group>";
		};
		06835EBE207B71E700E2AB8C /* Project_Launch */ = {
			isa = PBXGroup;
			children = (
				068AEFEA2021695C00033CAB /* LaunchScreen.storyboard */,
			);
			name = Project_Launch;
			sourceTree = "<group>";
		};
		06835EBF207B721500E2AB8C /* Initialization_Network */ = {
			isa = PBXGroup;
			children = (
				4B28F023246BBDD800F33C0A /* Network.swift */,
				4B28F353246BC7FC00F33C0A /* Network_Common.swift */,
			);
			name = Initialization_Network;
			sourceTree = "<group>";
		};
		06835EC0207B721D00E2AB8C /* Initialization_System */ = {
			isa = PBXGroup;
			children = (
				06835EC6207B7B9F00E2AB8C /* BridgingHeader.h */,
				4B28F01F246BA6EB00F33C0A /* Configs.swift */,
				4B28F01D246BA6EB00F33C0A /* Consts.swift */,
				068AEFE12021695C00033CAB /* AppDelegate.swift */,
				4B28F01E246BA6EB00F33C0A /* LSAppDelegate.swift */,
			);
			name = Initialization_System;
			sourceTree = "<group>";
		};
		068AEFD52021695C00033CAB = {
			isa = PBXGroup;
			children = (
				068AEFE02021695C00033CAB /* BaseProject_Swift */,
				068AEFF320216A1300033CAB /* Others */,
				427238B039631CBADB00C7FE /* Pods */,
				B0C596EEEEA056D6601E89F1 /* Frameworks */,
			);
			sourceTree = "<group>";
		};
		068AEFDF2021695C00033CAB /* Products */ = {
			isa = PBXGroup;
			children = (
				068AEFDE2021695C00033CAB /* BaseProject_Swift.app */,
			);
			name = Products;
			path = ..;
			sourceTree = "<group>";
		};
		068AEFE02021695C00033CAB /* BaseProject_Swift */ = {
			isa = PBXGroup;
			children = (
				06835EB7207B714100E2AB8C /* Project_Configuration */,
				06835EB6207B712D00E2AB8C /* Module_Initialization */,
				0613075D2043CC5500628467 /* Modules */,
			);
			path = BaseProject_Swift;
			sourceTree = "<group>";
		};
		068AEFF320216A1300033CAB /* Others */ = {
			isa = PBXGroup;
			children = (
				068AEFE52021695C00033CAB /* Main.storyboard */,
				068AEFED2021695C00033CAB /* Info.plist */,
				068AEFDF2021695C00033CAB /* Products */,
			);
			path = Others;
			sourceTree = "<group>";
		};
		427238B039631CBADB00C7FE /* Pods */ = {
			isa = PBXGroup;
			children = (
				04A8335B8C65727BD9A994A7 /* Pods-BaseProject_Swift.debug.xcconfig */,
				C5F6E1D5803536806FCC0705 /* Pods-BaseProject_Swift.release.xcconfig */,
			);
			name = Pods;
			sourceTree = "<group>";
		};
		4B28F025246BBE3B00F33C0A /* 公共 */ = {
			isa = PBXGroup;
			children = (
				4B28F026246BBE4A00F33C0A /* HUDProgressKit.swift */,
				4B28F027246BBE4A00F33C0A /* Operations.swift */,
				4B28F028246BBE4B00F33C0A /* TimeCategory.swift */,
				4B28F31E246BC6CB00F33C0A /* LS_BaseListVC.swift */,
				4B28F34D246BC78700F33C0A /* LS_WebViewVC.swift */,
				4B28F02C246BC62800F33C0A /* 拓展 */,
				4B28F34F246BC7D200F33C0A /* 滚动轮播图 */,
				4B28F320246BC72900F33C0A /* HXImagePickerController */,
			);
			name = "公共";
			sourceTree = "<group>";
		};
		4B28F02C246BC62800F33C0A /* 拓展 */ = {
			isa = PBXGroup;
			children = (
				4B28F02E246BC63800F33C0A /* UIImage+Extension.h */,
				4B28F030246BC63800F33C0A /* UIImage+Extension.m */,
				4B28F02D246BC63800F33C0A /* String+Extension.swift */,
				4B28F02F246BC63800F33C0A /* UIView+Extension.swift */,
				4B28F031246BC63800F33C0A /* UIViewController+Extension.swift */,
			);
			name = "拓展";
			sourceTree = "<group>";
		};
		4B28F320246BC72900F33C0A /* HXImagePickerController */ = {
			isa = PBXGroup;
			children = (
				4B28F348246BC77600F33C0A /* Models */,
				4B28F33D246BC76600F33C0A /* Controllers */,
				4B28F32A246BC75300F33C0A /* Views */,
				4B28F323246BC73E00F33C0A /* Helpers */,
				4B28F321246BC73800F33C0A /* HXImagePickerController.bundle */,
			);
			name = HXImagePickerController;
			sourceTree = "<group>";
		};
		4B28F323246BC73E00F33C0A /* Helpers */ = {
			isa = PBXGroup;
			children = (
				4B28F325246BC74700F33C0A /* HXImagePickerConfig.swift */,
				4B28F324246BC74700F33C0A /* HXPhotoImageManager.swift */,
				4B28F326246BC74700F33C0A /* HXReuseable.swift */,
			);
			name = Helpers;
			sourceTree = "<group>";
		};
		4B28F32A246BC75300F33C0A /* Views */ = {
			isa = PBXGroup;
			children = (
				4B28F32C246BC75B00F33C0A /* HXPreviewCell.swift */,
				4B28F32D246BC75B00F33C0A /* HXImageCell.swift */,
				4B28F32B246BC75B00F33C0A /* HXPreviewThumbCell.swift */,
				4B28F32E246BC75B00F33C0A /* HXSelectButton.swift */,
				4B28F331246BC75B00F33C0A /* HXImageClipScrollView.swift */,
				4B28F32F246BC75B00F33C0A /* HXImageClipResizeView.swift */,
				4B28F333246BC75B00F33C0A /* HXImageNavigationView.swift */,
				4B28F330246BC75B00F33C0A /* HXImageToolView.swift */,
				4B28F332246BC75B00F33C0A /* HXAlbumCell.swift */,
			);
			name = Views;
			sourceTree = "<group>";
		};
		4B28F33D246BC76600F33C0A /* Controllers */ = {
			isa = PBXGroup;
			children = (
				4B28F340246BC76E00F33C0A /* HXAlbumListViewController.swift */,
				4B28F33E246BC76D00F33C0A /* HXImageClipViewController.swift */,
				4B28F33F246BC76E00F33C0A /* HXImageListViewController.swift */,
				4B28F341246BC76E00F33C0A /* HXImagePickerController.swift */,
				4B28F342246BC76E00F33C0A /* HXImagePreviewViewController.swift */,
			);
			name = Controllers;
			sourceTree = "<group>";
		};
		4B28F348246BC77600F33C0A /* Models */ = {
			isa = PBXGroup;
			children = (
				4B28F349246BC77D00F33C0A /* HXAlbumModel.swift */,
				4B28F34A246BC77E00F33C0A /* HXImageModel.swift */,
			);
			name = Models;
			sourceTree = "<group>";
		};
		4B28F34F246BC7D200F33C0A /* 滚动轮播图 */ = {
			isa = PBXGroup;
			children = (
				4B28F350246BC7DA00F33C0A /* LocalGuideView.h */,
				4B28F351246BC7DA00F33C0A /* LocalGuideView.m */,
			);
			name = "滚动轮播图";
			sourceTree = "<group>";
		};
		B0C596EEEEA056D6601E89F1 /* Frameworks */ = {
			isa = PBXGroup;
			children = (
				C0AEBFDB68BC5B7C4C698145 /* Pods_BaseProject_Swift.framework */,
			);
			name = Frameworks;
			sourceTree = "<group>";
		};
/* End PBXGroup section */

/* Begin PBXNativeTarget section */
		068AEFDD2021695C00033CAB /* BaseProject_Swift */ = {
			isa = PBXNativeTarget;
			buildConfigurationList = 068AEFF02021695C00033CAB /* Build configuration list for PBXNativeTarget "BaseProject_Swift" */;
			buildPhases = (
				408D3F24D60A01FC8B413BE5 /* [CP] Check Pods Manifest.lock */,
				068AEFDA2021695C00033CAB /* Sources */,
				068AEFDB2021695C00033CAB /* Frameworks */,
				068AEFDC2021695C00033CAB /* Resources */,
				AF60E574FCE086C96103B975 /* [CP] Embed Pods Frameworks */,
			);
			buildRules = (
			);
			dependencies = (
			);
			name = BaseProject_Swift;
			productName = BaseProject_Swift;
			productReference = 068AEFDE2021695C00033CAB /* BaseProject_Swift.app */;
			productType = "com.apple.product-type.application";
		};
/* End PBXNativeTarget section */

/* Begin PBXProject section */
		068AEFD62021695C00033CAB /* Project object */ = {
			isa = PBXProject;
			attributes = {
				LastSwiftUpdateCheck = 0920;
				LastUpgradeCheck = 1140;
				ORGANIZATIONNAME = ArthurShuai;
				TargetAttributes = {
					068AEFDD2021695C00033CAB = {
						CreatedOnToolsVersion = 9.2;
						ProvisioningStyle = Automatic;
					};
				};
			};
			buildConfigurationList = 068AEFD92021695C00033CAB /* Build configuration list for PBXProject "BaseProject_Swift" */;
			compatibilityVersion = "Xcode 8.0";
			developmentRegion = en;
			hasScannedForEncodings = 0;
			knownRegions = (
				en,
				Base,
			);
			mainGroup = 068AEFD52021695C00033CAB;
			productRefGroup = 068AEFDF2021695C00033CAB /* Products */;
			projectDirPath = "";
			projectRoot = "";
			targets = (
				068AEFDD2021695C00033CAB /* BaseProject_Swift */,
			);
		};
/* End PBXProject section */

/* Begin PBXResourcesBuildPhase section */
		068AEFDC2021695C00033CAB /* Resources */ = {
			isa = PBXResourcesBuildPhase;
			buildActionMask = 2147483647;
			files = (
				068AEFEC2021695C00033CAB /* LaunchScreen.storyboard in Resources */,
				068AEFE92021695C00033CAB /* Assets.xcassets in Resources */,
				068AEFE72021695C00033CAB /* Main.storyboard in Resources */,
				4B28F322246BC73800F33C0A /* HXImagePickerController.bundle in Resources */,
			);
			runOnlyForDeploymentPostprocessing = 0;
		};
/* End PBXResourcesBuildPhase section */

/* Begin PBXShellScriptBuildPhase section */
		408D3F24D60A01FC8B413BE5 /* [CP] Check Pods Manifest.lock */ = {
			isa = PBXShellScriptBuildPhase;
			buildActionMask = 2147483647;
			files = (
			);
			inputPaths = (
				"${PODS_PODFILE_DIR_PATH}/Podfile.lock",
				"${PODS_ROOT}/Manifest.lock",
			);
			name = "[CP] Check Pods Manifest.lock";
			outputPaths = (
				"$(DERIVED_FILE_DIR)/Pods-BaseProject_Swift-checkManifestLockResult.txt",
			);
			runOnlyForDeploymentPostprocessing = 0;
			shellPath = /bin/sh;
			shellScript = "diff \"${PODS_PODFILE_DIR_PATH}/Podfile.lock\" \"${PODS_ROOT}/Manifest.lock\" > /dev/null\nif [ $? != 0 ] ; then\n    # print error to STDERR\n    echo \"error: The sandbox is not in sync with the Podfile.lock. Run 'pod install' or update your CocoaPods installation.\" >&2\n    exit 1\nfi\n# This output is used by Xcode 'outputs' to avoid re-running this script phase.\necho \"SUCCESS\" > \"${SCRIPT_OUTPUT_FILE_0}\"\n";
			showEnvVarsInLog = 0;
		};
		AF60E574FCE086C96103B975 /* [CP] Embed Pods Frameworks */ = {
			isa = PBXShellScriptBuildPhase;
			buildActionMask = 2147483647;
			files = (
			);
			inputPaths = (
				"${PODS_ROOT}/Target Support Files/Pods-BaseProject_Swift/Pods-BaseProject_Swift-frameworks.sh",
				"${BUILT_PRODUCTS_DIR}/Alamofire/Alamofire.framework",
				"${BUILT_PRODUCTS_DIR}/IQKeyboardManagerSwift/IQKeyboardManagerSwift.framework",
				"${BUILT_PRODUCTS_DIR}/LSRouter_Swift/LSRouter_Swift.framework",
				"${BUILT_PRODUCTS_DIR}/MBProgressHUD/MBProgressHUD.framework",
				"${BUILT_PRODUCTS_DIR}/MJExtension/MJExtension.framework",
				"${BUILT_PRODUCTS_DIR}/MJRefresh/MJRefresh.framework",
				"${BUILT_PRODUCTS_DIR}/SDWebImage/SDWebImage.framework",
				"${BUILT_PRODUCTS_DIR}/SnapKit/SnapKit.framework",
				"${BUILT_PRODUCTS_DIR}/SwiftyJSON/SwiftyJSON.framework",
			);
			name = "[CP] Embed Pods Frameworks";
			outputPaths = (
				"${TARGET_BUILD_DIR}/${FRAMEWORKS_FOLDER_PATH}/Alamofire.framework",
				"${TARGET_BUILD_DIR}/${FRAMEWORKS_FOLDER_PATH}/IQKeyboardManagerSwift.framework",
				"${TARGET_BUILD_DIR}/${FRAMEWORKS_FOLDER_PATH}/LSRouter_Swift.framework",
				"${TARGET_BUILD_DIR}/${FRAMEWORKS_FOLDER_PATH}/MBProgressHUD.framework",
				"${TARGET_BUILD_DIR}/${FRAMEWORKS_FOLDER_PATH}/MJExtension.framework",
				"${TARGET_BUILD_DIR}/${FRAMEWORKS_FOLDER_PATH}/MJRefresh.framework",
				"${TARGET_BUILD_DIR}/${FRAMEWORKS_FOLDER_PATH}/SDWebImage.framework",
				"${TARGET_BUILD_DIR}/${FRAMEWORKS_FOLDER_PATH}/SnapKit.framework",
				"${TARGET_BUILD_DIR}/${FRAMEWORKS_FOLDER_PATH}/SwiftyJSON.framework",
			);
			runOnlyForDeploymentPostprocessing = 0;
			shellPath = /bin/sh;
			shellScript = "\"${PODS_ROOT}/Target Support Files/Pods-BaseProject_Swift/Pods-BaseProject_Swift-frameworks.sh\"\n";
			showEnvVarsInLog = 0;
		};
/* End PBXShellScriptBuildPhase section */

/* Begin PBXSourcesBuildPhase section */
		068AEFDA2021695C00033CAB /* Sources */ = {
			isa = PBXSourcesBuildPhase;
			buildActionMask = 2147483647;
			files = (
				4B28F343246BC76E00F33C0A /* HXImageClipViewController.swift in Sources */,
				4B28F354246BC7FD00F33C0A /* Network_Common.swift in Sources */,
				4B28F34C246BC77E00F33C0A /* HXImageModel.swift in Sources */,
				4B28F035246BC63900F33C0A /* UIViewController+Extension.swift in Sources */,
				4B28F02A246BBE4B00F33C0A /* Operations.swift in Sources */,
				4B28F336246BC75B00F33C0A /* HXImageCell.swift in Sources */,
				4B28F338246BC75B00F33C0A /* HXImageClipResizeView.swift in Sources */,
				4B28F33C246BC75B00F33C0A /* HXImageNavigationView.swift in Sources */,
				4B28F346246BC76E00F33C0A /* HXImagePickerController.swift in Sources */,
				4B28F334246BC75B00F33C0A /* HXPreviewThumbCell.swift in Sources */,
				4B28F344246BC76E00F33C0A /* HXImageListViewController.swift in Sources */,
				4B28F33B246BC75B00F33C0A /* HXAlbumCell.swift in Sources */,
				4B28F31F246BC6CB00F33C0A /* LS_BaseListVC.swift in Sources */,
				4B28F032246BC63900F33C0A /* String+Extension.swift in Sources */,
				4B28F329246BC74700F33C0A /* HXReuseable.swift in Sources */,
				4B28F337246BC75B00F33C0A /* HXSelectButton.swift in Sources */,
				4B28F33A246BC75B00F33C0A /* HXImageClipScrollView.swift in Sources */,
				4B28F34E246BC78700F33C0A /* LS_WebViewVC.swift in Sources */,
				4B28F021246BA6EB00F33C0A /* LSAppDelegate.swift in Sources */,
				4B28F020246BA6EB00F33C0A /* Consts.swift in Sources */,
				4B28F347246BC76E00F33C0A /* HXImagePreviewViewController.swift in Sources */,
				4B28F34B246BC77E00F33C0A /* HXAlbumModel.swift in Sources */,
				068AEFE22021695C00033CAB /* AppDelegate.swift in Sources */,
				4B28F02B246BBE4B00F33C0A /* TimeCategory.swift in Sources */,
				4B28F335246BC75B00F33C0A /* HXPreviewCell.swift in Sources */,
				4B28F029246BBE4B00F33C0A /* HUDProgressKit.swift in Sources */,
				4B28F024246BBDD800F33C0A /* Network.swift in Sources */,
				4B28F327246BC74700F33C0A /* HXPhotoImageManager.swift in Sources */,
				4B28F328246BC74700F33C0A /* HXImagePickerConfig.swift in Sources */,
				4B28F033246BC63900F33C0A /* UIView+Extension.swift in Sources */,
				4B28F352246BC7DA00F33C0A /* LocalGuideView.m in Sources */,
				4B28F034246BC63900F33C0A /* UIImage+Extension.m in Sources */,
				4B28F339246BC75B00F33C0A /* HXImageToolView.swift in Sources */,
				4B28F345246BC76E00F33C0A /* HXAlbumListViewController.swift in Sources */,
				4B28F022246BA6EB00F33C0A /* Configs.swift in Sources */,
			);
			runOnlyForDeploymentPostprocessing = 0;
		};
/* End PBXSourcesBuildPhase section */

/* Begin PBXVariantGroup section */
		068AEFE52021695C00033CAB /* Main.storyboard */ = {
			isa = PBXVariantGroup;
			children = (
				068AEFE62021695C00033CAB /* Base */,
			);
			name = Main.storyboard;
			sourceTree = "<group>";
		};
		068AEFEA2021695C00033CAB /* LaunchScreen.storyboard */ = {
			isa = PBXVariantGroup;
			children = (
				068AEFEB2021695C00033CAB /* Base */,
			);
			name = LaunchScreen.storyboard;
			sourceTree = "<group>";
		};
/* End PBXVariantGroup section */

/* Begin XCBuildConfiguration section */
		068AEFEE2021695C00033CAB /* Debug */ = {
			isa = XCBuildConfiguration;
			buildSettings = {
				ALWAYS_SEARCH_USER_PATHS = NO;
				CLANG_ANALYZER_NONNULL = YES;
				CLANG_ANALYZER_NUMBER_OBJECT_CONVERSION = YES_AGGRESSIVE;
				CLANG_CXX_LANGUAGE_STANDARD = "gnu++14";
				CLANG_CXX_LIBRARY = "libc++";
				CLANG_ENABLE_MODULES = YES;
				CLANG_ENABLE_OBJC_ARC = YES;
				CLANG_WARN_BLOCK_CAPTURE_AUTORELEASING = YES;
				CLANG_WARN_BOOL_CONVERSION = YES;
				CLANG_WARN_COMMA = YES;
				CLANG_WARN_CONSTANT_CONVERSION = YES;
				CLANG_WARN_DEPRECATED_OBJC_IMPLEMENTATIONS = YES;
				CLANG_WARN_DIRECT_OBJC_ISA_USAGE = YES_ERROR;
				CLANG_WARN_DOCUMENTATION_COMMENTS = YES;
				CLANG_WARN_EMPTY_BODY = YES;
				CLANG_WARN_ENUM_CONVERSION = YES;
				CLANG_WARN_INFINITE_RECURSION = YES;
				CLANG_WARN_INT_CONVERSION = YES;
				CLANG_WARN_NON_LITERAL_NULL_CONVERSION = YES;
				CLANG_WARN_OBJC_IMPLICIT_RETAIN_SELF = YES;
				CLANG_WARN_OBJC_LITERAL_CONVERSION = YES;
				CLANG_WARN_OBJC_ROOT_CLASS = YES_ERROR;
				CLANG_WARN_RANGE_LOOP_ANALYSIS = YES;
				CLANG_WARN_STRICT_PROTOTYPES = YES;
				CLANG_WARN_SUSPICIOUS_MOVE = YES;
				CLANG_WARN_UNGUARDED_AVAILABILITY = YES_AGGRESSIVE;
				CLANG_WARN_UNREACHABLE_CODE = YES;
				CLANG_WARN__DUPLICATE_METHOD_MATCH = YES;
				CODE_SIGN_IDENTITY = "iPhone Developer";
				COPY_PHASE_STRIP = NO;
				DEBUG_INFORMATION_FORMAT = dwarf;
				ENABLE_STRICT_OBJC_MSGSEND = YES;
				ENABLE_TESTABILITY = YES;
				GCC_C_LANGUAGE_STANDARD = gnu11;
				GCC_DYNAMIC_NO_PIC = NO;
				GCC_NO_COMMON_BLOCKS = YES;
				GCC_OPTIMIZATION_LEVEL = 0;
				GCC_PREPROCESSOR_DEFINITIONS = (
					"DEBUG=1",
					"$(inherited)",
				);
				GCC_WARN_64_TO_32_BIT_CONVERSION = YES;
				GCC_WARN_ABOUT_RETURN_TYPE = YES_ERROR;
				GCC_WARN_UNDECLARED_SELECTOR = YES;
				GCC_WARN_UNINITIALIZED_AUTOS = YES_AGGRESSIVE;
				GCC_WARN_UNUSED_FUNCTION = YES;
				GCC_WARN_UNUSED_VARIABLE = YES;
				IPHONEOS_DEPLOYMENT_TARGET = 9.0;
				MTL_ENABLE_DEBUG_INFO = YES;
				ONLY_ACTIVE_ARCH = YES;
				SDKROOT = iphoneos;
				SWIFT_ACTIVE_COMPILATION_CONDITIONS = DEBUG;
				SWIFT_OPTIMIZATION_LEVEL = "-Onone";
			};
			name = Debug;
		};
		068AEFEF2021695C00033CAB /* Release */ = {
			isa = XCBuildConfiguration;
			buildSettings = {
				ALWAYS_SEARCH_USER_PATHS = NO;
				CLANG_ANALYZER_NONNULL = YES;
				CLANG_ANALYZER_NUMBER_OBJECT_CONVERSION = YES_AGGRESSIVE;
				CLANG_CXX_LANGUAGE_STANDARD = "gnu++14";
				CLANG_CXX_LIBRARY = "libc++";
				CLANG_ENABLE_MODULES = YES;
				CLANG_ENABLE_OBJC_ARC = YES;
				CLANG_WARN_BLOCK_CAPTURE_AUTORELEASING = YES;
				CLANG_WARN_BOOL_CONVERSION = YES;
				CLANG_WARN_COMMA = YES;
				CLANG_WARN_CONSTANT_CONVERSION = YES;
				CLANG_WARN_DEPRECATED_OBJC_IMPLEMENTATIONS = YES;
				CLANG_WARN_DIRECT_OBJC_ISA_USAGE = YES_ERROR;
				CLANG_WARN_DOCUMENTATION_COMMENTS = YES;
				CLANG_WARN_EMPTY_BODY = YES;
				CLANG_WARN_ENUM_CONVERSION = YES;
				CLANG_WARN_INFINITE_RECURSION = YES;
				CLANG_WARN_INT_CONVERSION = YES;
				CLANG_WARN_NON_LITERAL_NULL_CONVERSION = YES;
				CLANG_WARN_OBJC_IMPLICIT_RETAIN_SELF = YES;
				CLANG_WARN_OBJC_LITERAL_CONVERSION = YES;
				CLANG_WARN_OBJC_ROOT_CLASS = YES_ERROR;
				CLANG_WARN_RANGE_LOOP_ANALYSIS = YES;
				CLANG_WARN_STRICT_PROTOTYPES = YES;
				CLANG_WARN_SUSPICIOUS_MOVE = YES;
				CLANG_WARN_UNGUARDED_AVAILABILITY = YES_AGGRESSIVE;
				CLANG_WARN_UNREACHABLE_CODE = YES;
				CLANG_WARN__DUPLICATE_METHOD_MATCH = YES;
				CODE_SIGN_IDENTITY = "iPhone Developer";
				COPY_PHASE_STRIP = NO;
				DEBUG_INFORMATION_FORMAT = "dwarf-with-dsym";
				ENABLE_NS_ASSERTIONS = NO;
				ENABLE_STRICT_OBJC_MSGSEND = YES;
				GCC_C_LANGUAGE_STANDARD = gnu11;
				GCC_NO_COMMON_BLOCKS = YES;
				GCC_WARN_64_TO_32_BIT_CONVERSION = YES;
				GCC_WARN_ABOUT_RETURN_TYPE = YES_ERROR;
				GCC_WARN_UNDECLARED_SELECTOR = YES;
				GCC_WARN_UNINITIALIZED_AUTOS = YES_AGGRESSIVE;
				GCC_WARN_UNUSED_FUNCTION = YES;
				GCC_WARN_UNUSED_VARIABLE = YES;
				IPHONEOS_DEPLOYMENT_TARGET = 9.0;
				MTL_ENABLE_DEBUG_INFO = NO;
				SDKROOT = iphoneos;
				SWIFT_OPTIMIZATION_LEVEL = "-Owholemodule";
				VALIDATE_PRODUCT = YES;
			};
			name = Release;
		};
		068AEFF12021695C00033CAB /* Debug */ = {
			isa = XCBuildConfiguration;
			baseConfigurationReference = 04A8335B8C65727BD9A994A7 /* Pods-BaseProject_Swift.debug.xcconfig */;
			buildSettings = {
				ASSETCATALOG_COMPILER_APPICON_NAME = AppIcon;
				CODE_SIGN_STYLE = Automatic;
				GCC_PRECOMPILE_PREFIX_HEADER = NO;
				GCC_PREFIX_HEADER = "";
				INFOPLIST_FILE = "$(SRCROOT)/Others/Info.plist";
				LD_RUNPATH_SEARCH_PATHS = "$(inherited) @executable_path/Frameworks";
				PRODUCT_BUNDLE_IDENTIFIER = com.ArthurShuai.BaseProjectSwift;
				PRODUCT_NAME = "$(TARGET_NAME)";
				SWIFT_OBJC_BRIDGING_HEADER = "$(SRCROOT)/$(PRODUCT_NAME)/BridgingHeader.h";
				SWIFT_VERSION = 5.0;
				TARGETED_DEVICE_FAMILY = "1,2";
				USER_HEADER_SEARCH_PATHS = "${SRCROOT}/**";
			};
			name = Debug;
		};
		068AEFF22021695C00033CAB /* Release */ = {
			isa = XCBuildConfiguration;
			baseConfigurationReference = C5F6E1D5803536806FCC0705 /* Pods-BaseProject_Swift.release.xcconfig */;
			buildSettings = {
				ASSETCATALOG_COMPILER_APPICON_NAME = AppIcon;
				CODE_SIGN_STYLE = Automatic;
				GCC_PRECOMPILE_PREFIX_HEADER = NO;
				GCC_PREFIX_HEADER = "";
				INFOPLIST_FILE = "$(SRCROOT)/Others/Info.plist";
				LD_RUNPATH_SEARCH_PATHS = "$(inherited) @executable_path/Frameworks";
				PRODUCT_BUNDLE_IDENTIFIER = com.ArthurShuai.BaseProjectSwift;
				PRODUCT_NAME = "$(TARGET_NAME)";
				SWIFT_OBJC_BRIDGING_HEADER = "$(SRCROOT)/$(PRODUCT_NAME)/BridgingHeader.h";
				SWIFT_VERSION = 5.0;
				TARGETED_DEVICE_FAMILY = "1,2";
				USER_HEADER_SEARCH_PATHS = "${SRCROOT}/**";
			};
			name = Release;
		};
/* End XCBuildConfiguration section */

/* Begin XCConfigurationList section */
		068AEFD92021695C00033CAB /* Build configuration list for PBXProject "BaseProject_Swift" */ = {
			isa = XCConfigurationList;
			buildConfigurations = (
				068AEFEE2021695C00033CAB /* Debug */,
				068AEFEF2021695C00033CAB /* Release */,
			);
			defaultConfigurationIsVisible = 0;
			defaultConfigurationName = Release;
		};
		068AEFF02021695C00033CAB /* Build configuration list for PBXNativeTarget "BaseProject_Swift" */ = {
			isa = XCConfigurationList;
			buildConfigurations = (
				068AEFF12021695C00033CAB /* Debug */,
				068AEFF22021695C00033CAB /* Release */,
			);
			defaultConfigurationIsVisible = 0;
			defaultConfigurationName = Release;
		};
/* End XCConfigurationList section */
	};
	rootObject = 068AEFD62021695C00033CAB /* Project object */;
}
